
Microsoft Visual Studio Solution File, Format Version 12.00
# Visual Studio Version 17
VisualStudioVersion = 17.5.33414.496
MinimumVisualStudioVersion = 10.0.40219.1
Project("{9A19103F-16F7-4668-BE54-9A1E7A4F7556}") = "Kitchen.Entities", "Kitchen.Entities\Kitchen.Entities.csproj", "{F5FB9118-1B45-48B2-A2E9-046C79D66322}"
EndProject
Project("{9A19103F-16F7-4668-BE54-9A1E7A4F7556}") = "Kitchen.Dal", "Kitchen.Dal\Kitchen.Dal.csproj", "{B866F8B1-637F-41BD-AB7F-797AE9CA4207}"
EndProject
Project("{9A19103F-16F7-4668-BE54-9A1E7A4F7556}") = "Kitchen.Core", "Kitchen.Core\Kitchen.Core.csproj", "{F7282FAF-488E-4905-8B53-67D4713A4936}"
EndProject
Project("{9A19103F-16F7-4668-BE54-9A1E7A4F7556}") = "Kitchen.Api", "Kitchen.Api\Kitchen.Api.csproj", "{A31C1113-75B8-4CD2-9D87-AE50654FEBAD}"
EndProject
Project("{9A19103F-16F7-4668-BE54-9A1E7A4F7556}") = "Kitchen.Contracts", "Kitchen.Contracts\Kitchen.Contracts.csproj", "{107FC673-B2C2-45E8-8CF7-0D756DC4F95F}"
EndProject
Project("{9A19103F-16F7-4668-BE54-9A1E7A4F7556}") = "Kitchen.Models", "Kitchen.Models\Kitchen.Models.csproj", "{1C0A45B4-258E-4736-86D4-6E7469DE1F92}"
EndProject
Global
	GlobalSection(SolutionConfigurationPlatforms) = preSolution
		Debug|Any CPU = Debug|Any CPU
		Release|Any CPU = Release|Any CPU
	EndGlobalSection
	GlobalSection(ProjectConfigurationPlatforms) = postSolution
		{F5FB9118-1B45-48B2-A2E9-046C79D66322}.Debug|Any CPU.ActiveCfg = Debug|Any CPU
		{F5FB9118-1B45-48B2-A2E9-046C79D66322}.Debug|Any CPU.Build.0 = Debug|Any CPU
		{F5FB9118-1B45-48B2-A2E9-046C79D66322}.Release|Any CPU.ActiveCfg = Release|Any CPU
		{F5FB9118-1B45-48B2-A2E9-046C79D66322}.Release|Any CPU.Build.0 = Release|Any CPU
		{B866F8B1-637F-41BD-AB7F-797AE9CA4207}.Debug|Any CPU.ActiveCfg = Debug|Any CPU
		{B866F8B1-637F-41BD-AB7F-797AE9CA4207}.Debug|Any CPU.Build.0 = Debug|Any CPU
		{B866F8B1-637F-41BD-AB7F-797AE9CA4207}.Release|Any CPU.ActiveCfg = Release|Any CPU
		{B866F8B1-637F-41BD-AB7F-797AE9CA4207}.Release|Any CPU.Build.0 = Release|Any CPU
		{F7282FAF-488E-4905-8B53-67D4713A4936}.Debug|Any CPU.ActiveCfg = Debug|Any CPU
		{F7282FAF-488E-4905-8B53-67D4713A4936}.Debug|Any CPU.Build.0 = Debug|Any CPU
		{F7282FAF-488E-4905-8B53-67D4713A4936}.Release|Any CPU.ActiveCfg = Release|Any CPU
		{F7282FAF-488E-4905-8B53-67D4713A4936}.Release|Any CPU.Build.0 = Release|Any CPU
		{A31C1113-75B8-4CD2-9D87-AE50654FEBAD}.Debug|Any CPU.ActiveCfg = Debug|Any CPU
		{A31C1113-75B8-4CD2-9D87-AE50654FEBAD}.Debug|Any CPU.Build.0 = Debug|Any CPU
		{A31C1113-75B8-4CD2-9D87-AE50654FEBAD}.Release|Any CPU.ActiveCfg = Release|Any CPU
		{A31C1113-75B8-4CD2-9D87-AE50654FEBAD}.Release|Any CPU.Build.0 = Release|Any CPU
		{107FC673-B2C2-45E8-8CF7-0D756DC4F95F}.Debug|Any CPU.ActiveCfg = Debug|Any CPU
		{107FC673-B2C2-45E8-8CF7-0D756DC4F95F}.Debug|Any CPU.Build.0 = Debug|Any CPU
		{107FC673-B2C2-45E8-8CF7-0D756DC4F95F}.Release|Any CPU.ActiveCfg = Release|Any CPU
		{107FC673-B2C2-45E8-8CF7-0D756DC4F95F}.Release|Any CPU.Build.0 = Release|Any CPU
		{1C0A45B4-258E-4736-86D4-6E7469DE1F92}.Debug|Any CPU.ActiveCfg = Debug|Any CPU
		{1C0A45B4-258E-4736-86D4-6E7469DE1F92}.Debug|Any CPU.Build.0 = Debug|Any CPU
		{1C0A45B4-258E-4736-86D4-6E7469DE1F92}.Release|Any CPU.ActiveCfg = Release|Any CPU
		{1C0A45B4-258E-4736-86D4-6E7469DE1F92}.Release|Any CPU.Build.0 = Release|Any CPU
	EndGlobalSection
	GlobalSection(SolutionProperties) = preSolution
		HideSolutionNode = FALSE
	EndGlobalSection
	GlobalSection(ExtensibilityGlobals) = postSolution
		SolutionGuid = {FDEF91C4-275D-44CB-B7F9-F2088F5BBEE1}
	EndGlobalSection
EndGlobal
